
Microsoft Visual Studio Solution File, Format Version 12.00
# Visual Studio Version 16
VisualStudioVersion = 16.0.810.3
MinimumVisualStudioVersion = 10.0.40219.1
Project("{FAE04EC0-301F-11D3-BF4B-00C04F79EFBC}") = "CityProject", "CityProject\CityProject.csproj", "{B3EEAB2D-6E6B-49DC-BA56-3D88DC2CE923}"
EndProject
Global
	GlobalSection(SolutionConfigurationPlatforms) = preSolution
		Debug|Any CPU = Debug|Any CPU
		Release|Any CPU = Release|Any CPU
	EndGlobalSection
	GlobalSection(ProjectConfigurationPlatforms) = postSolution
		{B3EEAB2D-6E6B-49DC-BA56-3D88DC2CE923}.Debug|Any CPU.ActiveCfg = Debug|Any CPU
		{B3EEAB2D-6E6B-49DC-BA56-3D88DC2CE923}.Debug|Any CPU.Build.0 = Debug|Any CPU
		{B3EEAB2D-6E6B-49DC-BA56-3D88DC2CE923}.Release|Any CPU.ActiveCfg = Release|Any CPU
		{B3EEAB2D-6E6B-49DC-BA56-3D88DC2CE923}.Release|Any CPU.Build.0 = Release|Any CPU
	EndGlobalSection
	GlobalSection(SolutionProperties) = preSolution
		HideSolutionNode = FALSE
	EndGlobalSection
	GlobalSection(ExtensibilityGlobals) = postSolution
		SolutionGuid = {1B423AF3-3FAE-4885-831B-C3DEB91266F8}
	EndGlobalSection
EndGlobal
